
Microsoft Visual Studio Solution File, Format Version 11.00
# Visual Studio 2010
Project("{FAE04EC0-301F-11D3-BF4B-00C04F79EFBC}") = "Repl", "Repl\Repl.csproj", "{F0A61162-8162-4D59-B316-B36A84D8BBAD}"
EndProject
Project("{FAE04EC0-301F-11D3-BF4B-00C04F79EFBC}") = "SimpleScheme", "SimpleScheme\SimpleScheme.csproj", "{0BE1BA31-6648-4A16-834C-C29AF39239F5}"
EndProject
Project("{FAE04EC0-301F-11D3-BF4B-00C04F79EFBC}") = "Tests", "Tests\Tests.csproj", "{1989768E-84DD-4198-8C8F-08AB6B914ECA}"
EndProject
Project("{2150E333-8FDC-42A3-9474-1A3956D46DE8}") = "Solution Items", "Solution Items", "{DD0B1782-44E2-4D66-AA90-B12CAF900FDF}"
	ProjectSection(SolutionItems) = preProject
		Local.testsettings = Local.testsettings
		SimpleScheme.vsmdi = SimpleScheme.vsmdi
	EndProjectSection
EndProject
Project("{FAE04EC0-301F-11D3-BF4B-00C04F79EFBC}") = "AsyncWCF", "AsyncWCF\AsyncWCF.csproj", "{57C55B91-23CF-4449-B186-4F4061DE24D8}"
EndProject
Project("{FAE04EC0-301F-11D3-BF4B-00C04F79EFBC}") = "Couch", "Couch\Couch.csproj", "{047CC36C-1D0B-4907-94D8-77DCF0731CD2}"
EndProject
Project("{FAE04EC0-301F-11D3-BF4B-00C04F79EFBC}") = "LitJson", "LitJson\LitJson.csproj", "{67F185EA-F7DE-437C-8D57-A7C1AACFD705}"
EndProject
Project("{FAE04EC0-301F-11D3-BF4B-00C04F79EFBC}") = "CouchLib", "CouchLib\CouchLib.csproj", "{D4199E94-C919-4360-8E27-1CFD5CA04895}"
EndProject
Project("{FAE04EC0-301F-11D3-BF4B-00C04F79EFBC}") = "CouchDbTests", "CouchDbTests\CouchDbTests.csproj", "{D565FBD7-4232-4B67-A969-B7BF33E83195}"
EndProject
Project("{2150E333-8FDC-42A3-9474-1A3956D46DE8}") = "Examples", "Examples", "{B295EC63-7DCF-44EB-A9DA-6AEECC028814}"
EndProject
Project("{FAE04EC0-301F-11D3-BF4B-00C04F79EFBC}") = "BareInterpreter", "Examples\BareInterpreter\BareInterpreter.csproj", "{AE6F3482-155A-41C8-A495-09CAB57CBE2E}"
EndProject
Project("{FAE04EC0-301F-11D3-BF4B-00C04F79EFBC}") = "BareEvaluation", "Examples\BareEvaluation\BareEvaluation.csproj", "{E3F99E7F-8153-4184-B882-9886E520EFAD}"
EndProject
Project("{FAE04EC0-301F-11D3-BF4B-00C04F79EFBC}") = "LoadFile", "Examples\LoadFile\LoadFile.csproj", "{B4D5E6A5-4B10-4817-89C7-9DAD44D0E1B9}"
EndProject
Project("{FAE04EC0-301F-11D3-BF4B-00C04F79EFBC}") = "InterpreterState", "Examples\InterpreterState\InterpreterState.csproj", "{90800090-A90E-4CFD-83F7-F3389A2A93FC}"
EndProject
Project("{FAE04EC0-301F-11D3-BF4B-00C04F79EFBC}") = "MultipleInterpreters", "Examples\MultipleInterpreters\MultipleInterpreters.csproj", "{131ED7BA-9642-4CF3-9D5A-564B10D4F7F8}"
EndProject
Project("{FAE04EC0-301F-11D3-BF4B-00C04F79EFBC}") = "Customize", "Examples\Customize\Customize.csproj", "{4ED224D5-922E-4B86-AB85-CEB9CC0CF4AE}"
EndProject
Project("{FAE04EC0-301F-11D3-BF4B-00C04F79EFBC}") = "Async", "Examples\Async\Async.csproj", "{07BFA4F9-FC01-4E94-A9C8-59AB95616B7E}"
EndProject
Project("{FAE04EC0-301F-11D3-BF4B-00C04F79EFBC}") = "Clr", "Examples\Clr\Clr.csproj", "{41E49820-F17A-494A-9F76-33C995118A4F}"
EndProject
Project("{FAE04EC0-301F-11D3-BF4B-00C04F79EFBC}") = "GlobalState", "Examples\GlobalState\GlobalState.csproj", "{CEF7B6C2-FB3E-4147-A131-805F08AE90E1}"
EndProject
Project("{FAE04EC0-301F-11D3-BF4B-00C04F79EFBC}") = "Parallel", "Examples\Parallel\Parallel.csproj", "{55423320-E45F-48C0-A6E6-935EF8E7148D}"
EndProject
Project("{FAE04EC0-301F-11D3-BF4B-00C04F79EFBC}") = "Perf", "Examples\Perf\Perf.csproj", "{F45E09F5-4512-4760-8536-016F968B180C}"
EndProject
Global
	GlobalSection(TestCaseManagementSettings) = postSolution
		CategoryFile = SimpleScheme.vsmdi
	EndGlobalSection
	GlobalSection(SolutionConfigurationPlatforms) = preSolution
		Debug|Any CPU = Debug|Any CPU
		Debug|Mixed Platforms = Debug|Mixed Platforms
		Debug|x86 = Debug|x86
		Release|Any CPU = Release|Any CPU
		Release|Mixed Platforms = Release|Mixed Platforms
		Release|x86 = Release|x86
	EndGlobalSection
	GlobalSection(ProjectConfigurationPlatforms) = postSolution
		{F0A61162-8162-4D59-B316-B36A84D8BBAD}.Debug|Any CPU.ActiveCfg = Debug|x86
		{F0A61162-8162-4D59-B316-B36A84D8BBAD}.Debug|Mixed Platforms.ActiveCfg = Debug|x86
		{F0A61162-8162-4D59-B316-B36A84D8BBAD}.Debug|Mixed Platforms.Build.0 = Debug|x86
		{F0A61162-8162-4D59-B316-B36A84D8BBAD}.Debug|x86.ActiveCfg = Debug|x86
		{F0A61162-8162-4D59-B316-B36A84D8BBAD}.Debug|x86.Build.0 = Debug|x86
		{F0A61162-8162-4D59-B316-B36A84D8BBAD}.Release|Any CPU.ActiveCfg = Release|x86
		{F0A61162-8162-4D59-B316-B36A84D8BBAD}.Release|Mixed Platforms.ActiveCfg = Release|x86
		{F0A61162-8162-4D59-B316-B36A84D8BBAD}.Release|Mixed Platforms.Build.0 = Release|x86
		{F0A61162-8162-4D59-B316-B36A84D8BBAD}.Release|x86.ActiveCfg = Release|x86
		{F0A61162-8162-4D59-B316-B36A84D8BBAD}.Release|x86.Build.0 = Release|x86
		{0BE1BA31-6648-4A16-834C-C29AF39239F5}.Debug|Any CPU.ActiveCfg = Debug|Any CPU
		{0BE1BA31-6648-4A16-834C-C29AF39239F5}.Debug|Any CPU.Build.0 = Debug|Any CPU
		{0BE1BA31-6648-4A16-834C-C29AF39239F5}.Debug|Mixed Platforms.ActiveCfg = Debug|Any CPU
		{0BE1BA31-6648-4A16-834C-C29AF39239F5}.Debug|Mixed Platforms.Build.0 = Debug|Any CPU
		{0BE1BA31-6648-4A16-834C-C29AF39239F5}.Debug|x86.ActiveCfg = Debug|Any CPU
		{0BE1BA31-6648-4A16-834C-C29AF39239F5}.Release|Any CPU.ActiveCfg = Release|Any CPU
		{0BE1BA31-6648-4A16-834C-C29AF39239F5}.Release|Any CPU.Build.0 = Release|Any CPU
		{0BE1BA31-6648-4A16-834C-C29AF39239F5}.Release|Mixed Platforms.ActiveCfg = Release|Any CPU
		{0BE1BA31-6648-4A16-834C-C29AF39239F5}.Release|Mixed Platforms.Build.0 = Release|Any CPU
		{0BE1BA31-6648-4A16-834C-C29AF39239F5}.Release|x86.ActiveCfg = Release|Any CPU
		{1989768E-84DD-4198-8C8F-08AB6B914ECA}.Debug|Any CPU.ActiveCfg = Debug|Any CPU
		{1989768E-84DD-4198-8C8F-08AB6B914ECA}.Debug|Any CPU.Build.0 = Debug|Any CPU
		{1989768E-84DD-4198-8C8F-08AB6B914ECA}.Debug|Mixed Platforms.ActiveCfg = Debug|Any CPU
		{1989768E-84DD-4198-8C8F-08AB6B914ECA}.Debug|Mixed Platforms.Build.0 = Debug|Any CPU
		{1989768E-84DD-4198-8C8F-08AB6B914ECA}.Debug|x86.ActiveCfg = Debug|Any CPU
		{1989768E-84DD-4198-8C8F-08AB6B914ECA}.Release|Any CPU.ActiveCfg = Release|Any CPU
		{1989768E-84DD-4198-8C8F-08AB6B914ECA}.Release|Any CPU.Build.0 = Release|Any CPU
		{1989768E-84DD-4198-8C8F-08AB6B914ECA}.Release|Mixed Platforms.ActiveCfg = Release|Any CPU
		{1989768E-84DD-4198-8C8F-08AB6B914ECA}.Release|Mixed Platforms.Build.0 = Release|Any CPU
		{1989768E-84DD-4198-8C8F-08AB6B914ECA}.Release|x86.ActiveCfg = Release|Any CPU
		{57C55B91-23CF-4449-B186-4F4061DE24D8}.Debug|Any CPU.ActiveCfg = Debug|x86
		{57C55B91-23CF-4449-B186-4F4061DE24D8}.Debug|Mixed Platforms.ActiveCfg = Debug|x86
		{57C55B91-23CF-4449-B186-4F4061DE24D8}.Debug|Mixed Platforms.Build.0 = Debug|x86
		{57C55B91-23CF-4449-B186-4F4061DE24D8}.Debug|x86.ActiveCfg = Debug|x86
		{57C55B91-23CF-4449-B186-4F4061DE24D8}.Debug|x86.Build.0 = Debug|x86
		{57C55B91-23CF-4449-B186-4F4061DE24D8}.Release|Any CPU.ActiveCfg = Release|x86
		{57C55B91-23CF-4449-B186-4F4061DE24D8}.Release|Mixed Platforms.ActiveCfg = Release|x86
		{57C55B91-23CF-4449-B186-4F4061DE24D8}.Release|Mixed Platforms.Build.0 = Release|x86
		{57C55B91-23CF-4449-B186-4F4061DE24D8}.Release|x86.ActiveCfg = Release|x86
		{57C55B91-23CF-4449-B186-4F4061DE24D8}.Release|x86.Build.0 = Release|x86
		{047CC36C-1D0B-4907-94D8-77DCF0731CD2}.Debug|Any CPU.ActiveCfg = Debug|x86
		{047CC36C-1D0B-4907-94D8-77DCF0731CD2}.Debug|Mixed Platforms.ActiveCfg = Debug|x86
		{047CC36C-1D0B-4907-94D8-77DCF0731CD2}.Debug|Mixed Platforms.Build.0 = Debug|x86
		{047CC36C-1D0B-4907-94D8-77DCF0731CD2}.Debug|x86.ActiveCfg = Debug|x86
		{047CC36C-1D0B-4907-94D8-77DCF0731CD2}.Debug|x86.Build.0 = Debug|x86
		{047CC36C-1D0B-4907-94D8-77DCF0731CD2}.Release|Any CPU.ActiveCfg = Release|x86
		{047CC36C-1D0B-4907-94D8-77DCF0731CD2}.Release|Mixed Platforms.ActiveCfg = Release|x86
		{047CC36C-1D0B-4907-94D8-77DCF0731CD2}.Release|Mixed Platforms.Build.0 = Release|x86
		{047CC36C-1D0B-4907-94D8-77DCF0731CD2}.Release|x86.ActiveCfg = Release|x86
		{047CC36C-1D0B-4907-94D8-77DCF0731CD2}.Release|x86.Build.0 = Release|x86
		{67F185EA-F7DE-437C-8D57-A7C1AACFD705}.Debug|Any CPU.ActiveCfg = Debug|Any CPU
		{67F185EA-F7DE-437C-8D57-A7C1AACFD705}.Debug|Any CPU.Build.0 = Debug|Any CPU
		{67F185EA-F7DE-437C-8D57-A7C1AACFD705}.Debug|Mixed Platforms.ActiveCfg = Debug|Any CPU
		{67F185EA-F7DE-437C-8D57-A7C1AACFD705}.Debug|Mixed Platforms.Build.0 = Debug|Any CPU
		{67F185EA-F7DE-437C-8D57-A7C1AACFD705}.Debug|x86.ActiveCfg = Debug|Any CPU
		{67F185EA-F7DE-437C-8D57-A7C1AACFD705}.Release|Any CPU.ActiveCfg = Release|Any CPU
		{67F185EA-F7DE-437C-8D57-A7C1AACFD705}.Release|Any CPU.Build.0 = Release|Any CPU
		{67F185EA-F7DE-437C-8D57-A7C1AACFD705}.Release|Mixed Platforms.ActiveCfg = Release|Any CPU
		{67F185EA-F7DE-437C-8D57-A7C1AACFD705}.Release|Mixed Platforms.Build.0 = Release|Any CPU
		{67F185EA-F7DE-437C-8D57-A7C1AACFD705}.Release|x86.ActiveCfg = Release|Any CPU
		{D4199E94-C919-4360-8E27-1CFD5CA04895}.Debug|Any CPU.ActiveCfg = Debug|Any CPU
		{D4199E94-C919-4360-8E27-1CFD5CA04895}.Debug|Any CPU.Build.0 = Debug|Any CPU
		{D4199E94-C919-4360-8E27-1CFD5CA04895}.Debug|Mixed Platforms.ActiveCfg = Debug|Any CPU
		{D4199E94-C919-4360-8E27-1CFD5CA04895}.Debug|Mixed Platforms.Build.0 = Debug|Any CPU
		{D4199E94-C919-4360-8E27-1CFD5CA04895}.Debug|x86.ActiveCfg = Debug|Any CPU
		{D4199E94-C919-4360-8E27-1CFD5CA04895}.Release|Any CPU.ActiveCfg = Release|Any CPU
		{D4199E94-C919-4360-8E27-1CFD5CA04895}.Release|Any CPU.Build.0 = Release|Any CPU
		{D4199E94-C919-4360-8E27-1CFD5CA04895}.Release|Mixed Platforms.ActiveCfg = Release|Any CPU
		{D4199E94-C919-4360-8E27-1CFD5CA04895}.Release|Mixed Platforms.Build.0 = Release|Any CPU
		{D4199E94-C919-4360-8E27-1CFD5CA04895}.Release|x86.ActiveCfg = Release|Any CPU
		{D565FBD7-4232-4B67-A969-B7BF33E83195}.Debug|Any CPU.ActiveCfg = Debug|Any CPU
		{D565FBD7-4232-4B67-A969-B7BF33E83195}.Debug|Any CPU.Build.0 = Debug|Any CPU
		{D565FBD7-4232-4B67-A969-B7BF33E83195}.Debug|Mixed Platforms.ActiveCfg = Debug|Any CPU
		{D565FBD7-4232-4B67-A969-B7BF33E83195}.Debug|Mixed Platforms.Build.0 = Debug|Any CPU
		{D565FBD7-4232-4B67-A969-B7BF33E83195}.Debug|x86.ActiveCfg = Debug|Any CPU
		{D565FBD7-4232-4B67-A969-B7BF33E83195}.Release|Any CPU.ActiveCfg = Release|Any CPU
		{D565FBD7-4232-4B67-A969-B7BF33E83195}.Release|Any CPU.Build.0 = Release|Any CPU
		{D565FBD7-4232-4B67-A969-B7BF33E83195}.Release|Mixed Platforms.ActiveCfg = Release|Any CPU
		{D565FBD7-4232-4B67-A969-B7BF33E83195}.Release|Mixed Platforms.Build.0 = Release|Any CPU
		{D565FBD7-4232-4B67-A969-B7BF33E83195}.Release|x86.ActiveCfg = Release|Any CPU
		{AE6F3482-155A-41C8-A495-09CAB57CBE2E}.Debug|Any CPU.ActiveCfg = Debug|x86
		{AE6F3482-155A-41C8-A495-09CAB57CBE2E}.Debug|Mixed Platforms.ActiveCfg = Debug|x86
		{AE6F3482-155A-41C8-A495-09CAB57CBE2E}.Debug|Mixed Platforms.Build.0 = Debug|x86
		{AE6F3482-155A-41C8-A495-09CAB57CBE2E}.Debug|x86.ActiveCfg = Debug|x86
		{AE6F3482-155A-41C8-A495-09CAB57CBE2E}.Debug|x86.Build.0 = Debug|x86
		{AE6F3482-155A-41C8-A495-09CAB57CBE2E}.Release|Any CPU.ActiveCfg = Release|x86
		{AE6F3482-155A-41C8-A495-09CAB57CBE2E}.Release|Mixed Platforms.ActiveCfg = Release|x86
		{AE6F3482-155A-41C8-A495-09CAB57CBE2E}.Release|Mixed Platforms.Build.0 = Release|x86
		{AE6F3482-155A-41C8-A495-09CAB57CBE2E}.Release|x86.ActiveCfg = Release|x86
		{AE6F3482-155A-41C8-A495-09CAB57CBE2E}.Release|x86.Build.0 = Release|x86
		{E3F99E7F-8153-4184-B882-9886E520EFAD}.Debug|Any CPU.ActiveCfg = Debug|x86
		{E3F99E7F-8153-4184-B882-9886E520EFAD}.Debug|Mixed Platforms.ActiveCfg = Debug|x86
		{E3F99E7F-8153-4184-B882-9886E520EFAD}.Debug|Mixed Platforms.Build.0 = Debug|x86
		{E3F99E7F-8153-4184-B882-9886E520EFAD}.Debug|x86.ActiveCfg = Debug|x86
		{E3F99E7F-8153-4184-B882-9886E520EFAD}.Debug|x86.Build.0 = Debug|x86
		{E3F99E7F-8153-4184-B882-9886E520EFAD}.Release|Any CPU.ActiveCfg = Release|x86
		{E3F99E7F-8153-4184-B882-9886E520EFAD}.Release|Mixed Platforms.ActiveCfg = Release|x86
		{E3F99E7F-8153-4184-B882-9886E520EFAD}.Release|Mixed Platforms.Build.0 = Release|x86
		{E3F99E7F-8153-4184-B882-9886E520EFAD}.Release|x86.ActiveCfg = Release|x86
		{E3F99E7F-8153-4184-B882-9886E520EFAD}.Release|x86.Build.0 = Release|x86
		{B4D5E6A5-4B10-4817-89C7-9DAD44D0E1B9}.Debug|Any CPU.ActiveCfg = Debug|x86
		{B4D5E6A5-4B10-4817-89C7-9DAD44D0E1B9}.Debug|Mixed Platforms.ActiveCfg = Debug|x86
		{B4D5E6A5-4B10-4817-89C7-9DAD44D0E1B9}.Debug|Mixed Platforms.Build.0 = Debug|x86
		{B4D5E6A5-4B10-4817-89C7-9DAD44D0E1B9}.Debug|x86.ActiveCfg = Debug|x86
		{B4D5E6A5-4B10-4817-89C7-9DAD44D0E1B9}.Debug|x86.Build.0 = Debug|x86
		{B4D5E6A5-4B10-4817-89C7-9DAD44D0E1B9}.Release|Any CPU.ActiveCfg = Release|x86
		{B4D5E6A5-4B10-4817-89C7-9DAD44D0E1B9}.Release|Mixed Platforms.ActiveCfg = Release|x86
		{B4D5E6A5-4B10-4817-89C7-9DAD44D0E1B9}.Release|Mixed Platforms.Build.0 = Release|x86
		{B4D5E6A5-4B10-4817-89C7-9DAD44D0E1B9}.Release|x86.ActiveCfg = Release|x86
		{B4D5E6A5-4B10-4817-89C7-9DAD44D0E1B9}.Release|x86.Build.0 = Release|x86
		{90800090-A90E-4CFD-83F7-F3389A2A93FC}.Debug|Any CPU.ActiveCfg = Debug|x86
		{90800090-A90E-4CFD-83F7-F3389A2A93FC}.Debug|Mixed Platforms.ActiveCfg = Debug|x86
		{90800090-A90E-4CFD-83F7-F3389A2A93FC}.Debug|Mixed Platforms.Build.0 = Debug|x86
		{90800090-A90E-4CFD-83F7-F3389A2A93FC}.Debug|x86.ActiveCfg = Debug|x86
		{90800090-A90E-4CFD-83F7-F3389A2A93FC}.Debug|x86.Build.0 = Debug|x86
		{90800090-A90E-4CFD-83F7-F3389A2A93FC}.Release|Any CPU.ActiveCfg = Release|x86
		{90800090-A90E-4CFD-83F7-F3389A2A93FC}.Release|Mixed Platforms.ActiveCfg = Release|x86
		{90800090-A90E-4CFD-83F7-F3389A2A93FC}.Release|Mixed Platforms.Build.0 = Release|x86
		{90800090-A90E-4CFD-83F7-F3389A2A93FC}.Release|x86.ActiveCfg = Release|x86
		{90800090-A90E-4CFD-83F7-F3389A2A93FC}.Release|x86.Build.0 = Release|x86
		{131ED7BA-9642-4CF3-9D5A-564B10D4F7F8}.Debug|Any CPU.ActiveCfg = Debug|x86
		{131ED7BA-9642-4CF3-9D5A-564B10D4F7F8}.Debug|Mixed Platforms.ActiveCfg = Debug|x86
		{131ED7BA-9642-4CF3-9D5A-564B10D4F7F8}.Debug|Mixed Platforms.Build.0 = Debug|x86
		{131ED7BA-9642-4CF3-9D5A-564B10D4F7F8}.Debug|x86.ActiveCfg = Debug|x86
		{131ED7BA-9642-4CF3-9D5A-564B10D4F7F8}.Debug|x86.Build.0 = Debug|x86
		{131ED7BA-9642-4CF3-9D5A-564B10D4F7F8}.Release|Any CPU.ActiveCfg = Release|x86
		{131ED7BA-9642-4CF3-9D5A-564B10D4F7F8}.Release|Mixed Platforms.ActiveCfg = Release|x86
		{131ED7BA-9642-4CF3-9D5A-564B10D4F7F8}.Release|Mixed Platforms.Build.0 = Release|x86
		{131ED7BA-9642-4CF3-9D5A-564B10D4F7F8}.Release|x86.ActiveCfg = Release|x86
		{131ED7BA-9642-4CF3-9D5A-564B10D4F7F8}.Release|x86.Build.0 = Release|x86
		{4ED224D5-922E-4B86-AB85-CEB9CC0CF4AE}.Debug|Any CPU.ActiveCfg = Debug|x86
		{4ED224D5-922E-4B86-AB85-CEB9CC0CF4AE}.Debug|Mixed Platforms.ActiveCfg = Debug|x86
		{4ED224D5-922E-4B86-AB85-CEB9CC0CF4AE}.Debug|Mixed Platforms.Build.0 = Debug|x86
		{4ED224D5-922E-4B86-AB85-CEB9CC0CF4AE}.Debug|x86.ActiveCfg = Debug|x86
		{4ED224D5-922E-4B86-AB85-CEB9CC0CF4AE}.Debug|x86.Build.0 = Debug|x86
		{4ED224D5-922E-4B86-AB85-CEB9CC0CF4AE}.Release|Any CPU.ActiveCfg = Release|x86
		{4ED224D5-922E-4B86-AB85-CEB9CC0CF4AE}.Release|Mixed Platforms.ActiveCfg = Release|x86
		{4ED224D5-922E-4B86-AB85-CEB9CC0CF4AE}.Release|Mixed Platforms.Build.0 = Release|x86
		{4ED224D5-922E-4B86-AB85-CEB9CC0CF4AE}.Release|x86.ActiveCfg = Release|x86
		{4ED224D5-922E-4B86-AB85-CEB9CC0CF4AE}.Release|x86.Build.0 = Release|x86
		{07BFA4F9-FC01-4E94-A9C8-59AB95616B7E}.Debug|Any CPU.ActiveCfg = Debug|x86
		{07BFA4F9-FC01-4E94-A9C8-59AB95616B7E}.Debug|Mixed Platforms.ActiveCfg = Debug|x86
		{07BFA4F9-FC01-4E94-A9C8-59AB95616B7E}.Debug|Mixed Platforms.Build.0 = Debug|x86
		{07BFA4F9-FC01-4E94-A9C8-59AB95616B7E}.Debug|x86.ActiveCfg = Debug|x86
		{07BFA4F9-FC01-4E94-A9C8-59AB95616B7E}.Debug|x86.Build.0 = Debug|x86
		{07BFA4F9-FC01-4E94-A9C8-59AB95616B7E}.Release|Any CPU.ActiveCfg = Release|x86
		{07BFA4F9-FC01-4E94-A9C8-59AB95616B7E}.Release|Mixed Platforms.ActiveCfg = Release|x86
		{07BFA4F9-FC01-4E94-A9C8-59AB95616B7E}.Release|Mixed Platforms.Build.0 = Release|x86
		{07BFA4F9-FC01-4E94-A9C8-59AB95616B7E}.Release|x86.ActiveCfg = Release|x86
		{07BFA4F9-FC01-4E94-A9C8-59AB95616B7E}.Release|x86.Build.0 = Release|x86
		{41E49820-F17A-494A-9F76-33C995118A4F}.Debug|Any CPU.ActiveCfg = Debug|x86
		{41E49820-F17A-494A-9F76-33C995118A4F}.Debug|Mixed Platforms.ActiveCfg = Debug|x86
		{41E49820-F17A-494A-9F76-33C995118A4F}.Debug|Mixed Platforms.Build.0 = Debug|x86
		{41E49820-F17A-494A-9F76-33C995118A4F}.Debug|x86.ActiveCfg = Debug|x86
		{41E49820-F17A-494A-9F76-33C995118A4F}.Debug|x86.Build.0 = Debug|x86
		{41E49820-F17A-494A-9F76-33C995118A4F}.Release|Any CPU.ActiveCfg = Release|x86
		{41E49820-F17A-494A-9F76-33C995118A4F}.Release|Mixed Platforms.ActiveCfg = Release|x86
		{41E49820-F17A-494A-9F76-33C995118A4F}.Release|Mixed Platforms.Build.0 = Release|x86
		{41E49820-F17A-494A-9F76-33C995118A4F}.Release|x86.ActiveCfg = Release|x86
		{41E49820-F17A-494A-9F76-33C995118A4F}.Release|x86.Build.0 = Release|x86
		{CEF7B6C2-FB3E-4147-A131-805F08AE90E1}.Debug|Any CPU.ActiveCfg = Debug|x86
		{CEF7B6C2-FB3E-4147-A131-805F08AE90E1}.Debug|Mixed Platforms.ActiveCfg = Debug|x86
		{CEF7B6C2-FB3E-4147-A131-805F08AE90E1}.Debug|Mixed Platforms.Build.0 = Debug|x86
		{CEF7B6C2-FB3E-4147-A131-805F08AE90E1}.Debug|x86.ActiveCfg = Debug|x86
		{CEF7B6C2-FB3E-4147-A131-805F08AE90E1}.Debug|x86.Build.0 = Debug|x86
		{CEF7B6C2-FB3E-4147-A131-805F08AE90E1}.Release|Any CPU.ActiveCfg = Release|x86
		{CEF7B6C2-FB3E-4147-A131-805F08AE90E1}.Release|Mixed Platforms.ActiveCfg = Release|x86
		{CEF7B6C2-FB3E-4147-A131-805F08AE90E1}.Release|Mixed Platforms.Build.0 = Release|x86
		{CEF7B6C2-FB3E-4147-A131-805F08AE90E1}.Release|x86.ActiveCfg = Release|x86
		{CEF7B6C2-FB3E-4147-A131-805F08AE90E1}.Release|x86.Build.0 = Release|x86
		{55423320-E45F-48C0-A6E6-935EF8E7148D}.Debug|Any CPU.ActiveCfg = Debug|x86
		{55423320-E45F-48C0-A6E6-935EF8E7148D}.Debug|Mixed Platforms.ActiveCfg = Debug|x86
		{55423320-E45F-48C0-A6E6-935EF8E7148D}.Debug|Mixed Platforms.Build.0 = Debug|x86
		{55423320-E45F-48C0-A6E6-935EF8E7148D}.Debug|x86.ActiveCfg = Debug|x86
		{55423320-E45F-48C0-A6E6-935EF8E7148D}.Debug|x86.Build.0 = Debug|x86
		{55423320-E45F-48C0-A6E6-935EF8E7148D}.Release|Any CPU.ActiveCfg = Release|x86
		{55423320-E45F-48C0-A6E6-935EF8E7148D}.Release|Mixed Platforms.ActiveCfg = Release|x86
		{55423320-E45F-48C0-A6E6-935EF8E7148D}.Release|Mixed Platforms.Build.0 = Release|x86
		{55423320-E45F-48C0-A6E6-935EF8E7148D}.Release|x86.ActiveCfg = Release|x86
		{55423320-E45F-48C0-A6E6-935EF8E7148D}.Release|x86.Build.0 = Release|x86
		{F45E09F5-4512-4760-8536-016F968B180C}.Debug|Any CPU.ActiveCfg = Debug|x86
		{F45E09F5-4512-4760-8536-016F968B180C}.Debug|Mixed Platforms.ActiveCfg = Debug|x86
		{F45E09F5-4512-4760-8536-016F968B180C}.Debug|Mixed Platforms.Build.0 = Debug|x86
		{F45E09F5-4512-4760-8536-016F968B180C}.Debug|x86.ActiveCfg = Debug|x86
		{F45E09F5-4512-4760-8536-016F968B180C}.Debug|x86.Build.0 = Debug|x86
		{F45E09F5-4512-4760-8536-016F968B180C}.Release|Any CPU.ActiveCfg = Release|x86
		{F45E09F5-4512-4760-8536-016F968B180C}.Release|Mixed Platforms.ActiveCfg = Release|x86
		{F45E09F5-4512-4760-8536-016F968B180C}.Release|Mixed Platforms.Build.0 = Release|x86
		{F45E09F5-4512-4760-8536-016F968B180C}.Release|x86.ActiveCfg = Release|x86
		{F45E09F5-4512-4760-8536-016F968B180C}.Release|x86.Build.0 = Release|x86
	EndGlobalSection
	GlobalSection(SolutionProperties) = preSolution
		HideSolutionNode = FALSE
	EndGlobalSection
	GlobalSection(NestedProjects) = preSolution
		{AE6F3482-155A-41C8-A495-09CAB57CBE2E} = {B295EC63-7DCF-44EB-A9DA-6AEECC028814}
		{E3F99E7F-8153-4184-B882-9886E520EFAD} = {B295EC63-7DCF-44EB-A9DA-6AEECC028814}
		{B4D5E6A5-4B10-4817-89C7-9DAD44D0E1B9} = {B295EC63-7DCF-44EB-A9DA-6AEECC028814}
		{90800090-A90E-4CFD-83F7-F3389A2A93FC} = {B295EC63-7DCF-44EB-A9DA-6AEECC028814}
		{131ED7BA-9642-4CF3-9D5A-564B10D4F7F8} = {B295EC63-7DCF-44EB-A9DA-6AEECC028814}
		{4ED224D5-922E-4B86-AB85-CEB9CC0CF4AE} = {B295EC63-7DCF-44EB-A9DA-6AEECC028814}
		{07BFA4F9-FC01-4E94-A9C8-59AB95616B7E} = {B295EC63-7DCF-44EB-A9DA-6AEECC028814}
		{41E49820-F17A-494A-9F76-33C995118A4F} = {B295EC63-7DCF-44EB-A9DA-6AEECC028814}
		{CEF7B6C2-FB3E-4147-A131-805F08AE90E1} = {B295EC63-7DCF-44EB-A9DA-6AEECC028814}
		{55423320-E45F-48C0-A6E6-935EF8E7148D} = {B295EC63-7DCF-44EB-A9DA-6AEECC028814}
		{F45E09F5-4512-4760-8536-016F968B180C} = {B295EC63-7DCF-44EB-A9DA-6AEECC028814}
	EndGlobalSection
EndGlobal
